{
  "name": "@trex-arms/sqs",
  "version": "1.0.1",
  "lockfileVersion": 2,
  "requires": true,
  "packages": {
    "": {
      "name": "@trex-arms/sqs",
      "version": "1.0.1",
      "license": "MIT",
      "dependencies": {
        "@rgrove/parse-xml": "^2.0.4",
        "httpie": "^2.0.0-next.9",
        "just-pascal-case": "^1.1.0",
        "sign-aws-requests": "^2.0.0"
      },
      "devDependencies": {
        "uvu": "^0.5.1"
      }
    },
    "node_modules/@rgrove/parse-xml": {
      "version": "2.0.4",
      "resolved": "https://registry.npmjs.org/@rgrove/parse-xml/-/parse-xml-2.0.4.tgz",
      "integrity": "sha512-344bRXnUMu1tWqq1GJO2nCSqJRGTzcNLErcG2HZbVhUo90R5xQ6YdsCqtuT0KaFyN/mlxWqt2SdHSRNzwDvT5g==",
      "engines": {
        "node": ">=6.0.0"
      }
    },
    "node_modules/dequal": {
      "version": "2.0.2",
      "resolved": "https://registry.npmjs.org/dequal/-/dequal-2.0.2.tgz",
      "integrity": "sha512-q9K8BlJVxK7hQYqa6XISGmBZbtQQWVXSrRrWreHC94rMt1QL/Impruc+7p2CYSYuVIUr+YCt6hjrs1kkdJRTug==",
      "dev": true,
      "engines": {
        "node": ">=6"
      }
    },
    "node_modules/diff": {
      "version": "5.0.0",
      "resolved": "https://registry.npmjs.org/diff/-/diff-5.0.0.tgz",
      "integrity": "sha512-/VTCrvm5Z0JGty/BWHljh+BAiw3IK+2j87NGMu8Nwc/f48WoDAC395uomO9ZD117ZOBaHmkX1oyLvkVM/aIT3w==",
      "dev": true,
      "engines": {
        "node": ">=0.3.1"
      }
    },
    "node_modules/httpie": {
      "version": "2.0.0-next.13",
      "resolved": "https://registry.npmjs.org/httpie/-/httpie-2.0.0-next.13.tgz",
      "integrity": "sha512-KbKOnq8wt0hVEfteYCSnEsPgzaWxcVc4qZ4OaDU9mVOYLRo3XChjWs3MiuRgFu5y+4JDo7sDKdKzkAn1ljQYFA==",
      "engines": {
        "node": ">=10"
      }
    },
    "node_modules/just-pascal-case": {
      "version": "1.1.0",
      "resolved": "https://registry.npmjs.org/just-pascal-case/-/just-pascal-case-1.1.0.tgz",
      "integrity": "sha512-9WrLmpZ2wbt/k9ZAwp8MMc9/RqPRzUZZ+szWmAGFkas4+/z//+xYN8iUOBR2gmpiH8X5rJ+/yMvNFalMSKwmyg=="
    },
    "node_modules/kleur": {
      "version": "4.1.4",
      "resolved": "https://registry.npmjs.org/kleur/-/kleur-4.1.4.tgz",
      "integrity": "sha512-8QADVssbrFjivHWQU7KkMgptGTl6WAcSdlbBPY4uNF+mWr6DGcKrvY2w4FQJoXch7+fKMjj0dRrL75vk3k23OA==",
      "dev": true,
      "engines": {
        "node": ">=6"
      }
    },
    "node_modules/mri": {
      "version": "1.1.6",
      "resolved": "https://registry.npmjs.org/mri/-/mri-1.1.6.tgz",
      "integrity": "sha512-oi1b3MfbyGa7FJMP9GmLTttni5JoICpYBRlq+x5V16fZbLsnL9N3wFqqIm/nIG43FjUFkFh9Epzp/kzUGUnJxQ==",
      "dev": true,
      "engines": {
        "node": ">=4"
      }
    },
    "node_modules/sade": {
      "version": "1.7.4",
      "resolved": "https://registry.npmjs.org/sade/-/sade-1.7.4.tgz",
      "integrity": "sha512-y5yauMD93rX840MwUJr7C1ysLFBgMspsdTo4UVrDg3fXDvtwOyIqykhVAAm6fk/3au77773itJStObgK+LKaiA==",
      "dev": true,
      "dependencies": {
        "mri": "^1.1.0"
      },
      "engines": {
        "node": ">= 6"
      }
    },
    "node_modules/sign-aws-requests": {
      "version": "2.0.0",
      "resolved": "https://registry.npmjs.org/sign-aws-requests/-/sign-aws-requests-2.0.0.tgz",
      "integrity": "sha512-h3uj/8iE1FTFsof5Z/aBgSAf5qDc06CIIjc4mYuU3B0c64Zfb4gFEKpS7RNZww/plgpBnvcgzf9lRhz2Xbn5/g==",
      "engines": {
        "node": ">= 16"
      }
    },
    "node_modules/totalist": {
      "version": "2.0.0",
      "resolved": "https://registry.npmjs.org/totalist/-/totalist-2.0.0.tgz",
      "integrity": "sha512-+Y17F0YzxfACxTyjfhnJQEe7afPA0GSpYlFkl2VFMxYP7jshQf9gXV7cH47EfToBumFThfKBvfAcoUn6fdNeRQ==",
      "dev": true,
      "engines": {
        "node": ">=6"
      }
    },
    "node_modules/uvu": {
      "version": "0.5.1",
      "resolved": "https://registry.npmjs.org/uvu/-/uvu-0.5.1.tgz",
      "integrity": "sha512-JGxttnOGDFs77FaZ0yMUHIzczzQ5R1IlDeNW6Wymw6gAscwMdAffVOP6TlxLIfReZyK8tahoGwWZaTCJzNFDkg==",
      "dev": true,
      "dependencies": {
        "dequal": "^2.0.0",
        "diff": "^5.0.0",
        "kleur": "^4.0.3",
        "sade": "^1.7.3",
        "totalist": "^2.0.0"
      },
      "bin": {
        "uvu": "bin.js"
      },
      "engines": {
        "node": ">=8"
      }
    }
  },
  "dependencies": {
    "@rgrove/parse-xml": {
      "version": "2.0.4",
      "resolved": "https://registry.npmjs.org/@rgrove/parse-xml/-/parse-xml-2.0.4.tgz",
      "integrity": "sha512-344bRXnUMu1tWqq1GJO2nCSqJRGTzcNLErcG2HZbVhUo90R5xQ6YdsCqtuT0KaFyN/mlxWqt2SdHSRNzwDvT5g=="
    },
    "dequal": {
      "version": "2.0.2",
      "resolved": "https://registry.npmjs.org/dequal/-/dequal-2.0.2.tgz",
      "integrity": "sha512-q9K8BlJVxK7hQYqa6XISGmBZbtQQWVXSrRrWreHC94rMt1QL/Impruc+7p2CYSYuVIUr+YCt6hjrs1kkdJRTug==",
      "dev": true
    },
    "diff": {
      "version": "5.0.0",
      "resolved": "https://registry.npmjs.org/diff/-/diff-5.0.0.tgz",
      "integrity": "sha512-/VTCrvm5Z0JGty/BWHljh+BAiw3IK+2j87NGMu8Nwc/f48WoDAC395uomO9ZD117ZOBaHmkX1oyLvkVM/aIT3w==",
      "dev": true
    },
    "httpie": {
      "version": "2.0.0-next.13",
      "resolved": "https://registry.npmjs.org/httpie/-/httpie-2.0.0-next.13.tgz",
      "integrity": "sha512-KbKOnq8wt0hVEfteYCSnEsPgzaWxcVc4qZ4OaDU9mVOYLRo3XChjWs3MiuRgFu5y+4JDo7sDKdKzkAn1ljQYFA=="
    },
    "just-pascal-case": {
      "version": "1.1.0",
      "resolved": "https://registry.npmjs.org/just-pascal-case/-/just-pascal-case-1.1.0.tgz",
      "integrity": "sha512-9WrLmpZ2wbt/k9ZAwp8MMc9/RqPRzUZZ+szWmAGFkas4+/z//+xYN8iUOBR2gmpiH8X5rJ+/yMvNFalMSKwmyg=="
    },
    "kleur": {
      "version": "4.1.4",
      "resolved": "https://registry.npmjs.org/kleur/-/kleur-4.1.4.tgz",
      "integrity": "sha512-8QADVssbrFjivHWQU7KkMgptGTl6WAcSdlbBPY4uNF+mWr6DGcKrvY2w4FQJoXch7+fKMjj0dRrL75vk3k23OA==",
      "dev": true
    },
    "mri": {
      "version": "1.1.6",
      "resolved": "https://registry.npmjs.org/mri/-/mri-1.1.6.tgz",
      "integrity": "sha512-oi1b3MfbyGa7FJMP9GmLTttni5JoICpYBRlq+x5V16fZbLsnL9N3wFqqIm/nIG43FjUFkFh9Epzp/kzUGUnJxQ==",
      "dev": true
    },
    "sade": {
      "version": "1.7.4",
      "resolved": "https://registry.npmjs.org/sade/-/sade-1.7.4.tgz",
      "integrity": "sha512-y5yauMD93rX840MwUJr7C1ysLFBgMspsdTo4UVrDg3fXDvtwOyIqykhVAAm6fk/3au77773itJStObgK+LKaiA==",
      "dev": true,
      "requires": {
        "mri": "^1.1.0"
      }
    },
    "sign-aws-requests": {
      "version": "2.0.0",
      "resolved": "https://registry.npmjs.org/sign-aws-requests/-/sign-aws-requests-2.0.0.tgz",
      "integrity": "sha512-h3uj/8iE1FTFsof5Z/aBgSAf5qDc06CIIjc4mYuU3B0c64Zfb4gFEKpS7RNZww/plgpBnvcgzf9lRhz2Xbn5/g=="
    },
    "totalist": {
      "version": "2.0.0",
      "resolved": "https://registry.npmjs.org/totalist/-/totalist-2.0.0.tgz",
      "integrity": "sha512-+Y17F0YzxfACxTyjfhnJQEe7afPA0GSpYlFkl2VFMxYP7jshQf9gXV7cH47EfToBumFThfKBvfAcoUn6fdNeRQ==",
      "dev": true
    },
    "uvu": {
      "version": "0.5.1",
      "resolved": "https://registry.npmjs.org/uvu/-/uvu-0.5.1.tgz",
      "integrity": "sha512-JGxttnOGDFs77FaZ0yMUHIzczzQ5R1IlDeNW6Wymw6gAscwMdAffVOP6TlxLIfReZyK8tahoGwWZaTCJzNFDkg==",
      "dev": true,
      "requires": {
        "dequal": "^2.0.0",
        "diff": "^5.0.0",
        "kleur": "^4.0.3",
        "sade": "^1.7.3",
        "totalist": "^2.0.0"
      }
    }
  }
}
